// !$*UTF8*$!
{
	archiveVersion = 1;
	classes = {
	};
	objectVersion = 56;
	objects = {

/* Begin PBXBuildFile section */
		993ED7A62940B1FB00DE933A /* BitriseTutorialsApp.swift in Sources */ = {isa = PBXBuildFile; fileRef = 993ED7A52940B1FB00DE933A /* BitriseTutorialsApp.swift */; };
		993ED7A82940B1FB00DE933A /* ContentView.swift in Sources */ = {isa = PBXBuildFile; fileRef = 993ED7A72940B1FB00DE933A /* ContentView.swift */; };
		993ED7AA2940B1FD00DE933A /* Assets.xcassets in Resources */ = {isa = PBXBuildFile; fileRef = 993ED7A92940B1FD00DE933A /* Assets.xcassets */; };
		993ED7AE2940B1FD00DE933A /* Preview Assets.xcassets in Resources */ = {isa = PBXBuildFile; fileRef = 993ED7AD2940B1FD00DE933A /* Preview Assets.xcassets */; };
		99E311D029474E7A00CB4394 /* BitriseTutorialsTests.swift in Sources */ = {isa = PBXBuildFile; fileRef = 99E311CF29474E7A00CB4394 /* BitriseTutorialsTests.swift */; };
/* End PBXBuildFile section */

/* Begin PBXContainerItemProxy section */
		99E311D129474E7A00CB4394 /* PBXContainerItemProxy */ = {
			isa = PBXContainerItemProxy;
			containerPortal = 993ED79A2940B1FB00DE933A /* Project object */;
			proxyType = 1;
			remoteGlobalIDString = 993ED7A12940B1FB00DE933A;
			remoteInfo = BitriseTutorials;
		};
/* End PBXContainerItemProxy section */

/* Begin PBXFileReference section */
		993ED7A22940B1FB00DE933A /* BitriseTutorials.app */ = {isa = PBXFileReference; explicitFileType = wrapper.application; includeInIndex = 0; path = BitriseTutorials.app; sourceTree = BUILT_PRODUCTS_DIR; };
		993ED7A52940B1FB00DE933A /* BitriseTutorialsApp.swift */ = {isa = PBXFileReference; lastKnownFileType = sourcecode.swift; path = BitriseTutorialsApp.swift; sourceTree = "<group>"; };
		993ED7A72940B1FB00DE933A /* ContentView.swift */ = {isa = PBXFileReference; lastKnownFileType = sourcecode.swift; path = ContentView.swift; sourceTree = "<group>"; };
		993ED7A92940B1FD00DE933A /* Assets.xcassets */ = {isa = PBXFileReference; lastKnownFileType = folder.assetcatalog; path = Assets.xcassets; sourceTree = "<group>"; };
		993ED7AB2940B1FD00DE933A /* BitriseTutorials.entitlements */ = {isa = PBXFileReference; lastKnownFileType = text.plist.entitlements; path = BitriseTutorials.entitlements; sourceTree = "<group>"; };
		993ED7AD2940B1FD00DE933A /* Preview Assets.xcassets */ = {isa = PBXFileReference; lastKnownFileType = folder.assetcatalog; path = "Preview Assets.xcassets"; sourceTree = "<group>"; };
		99E311CD29474E7A00CB4394 /* BitriseTutorialsTests.xctest */ = {isa = PBXFileReference; explicitFileType = wrapper.cfbundle; includeInIndex = 0; path = BitriseTutorialsTests.xctest; sourceTree = BUILT_PRODUCTS_DIR; };
		99E311CF29474E7A00CB4394 /* BitriseTutorialsTests.swift */ = {isa = PBXFileReference; lastKnownFileType = sourcecode.swift; path = BitriseTutorialsTests.swift; sourceTree = "<group>"; };
/* End PBXFileReference section */

/* Begin PBXFrameworksBuildPhase section */
		993ED79F2940B1FB00DE933A /* Frameworks */ = {
			isa = PBXFrameworksBuildPhase;
			buildActionMask = 2147483647;
			files = (
			);
			runOnlyForDeploymentPostprocessing = 0;
		};
		99E311CA29474E7A00CB4394 /* Frameworks */ = {
			isa = PBXFrameworksBuildPhase;
			buildActionMask = 2147483647;
			files = (
			);
			runOnlyForDeploymentPostprocessing = 0;
		};
/* End PBXFrameworksBuildPhase section */

/* Begin PBXGroup section */
		993ED7992940B1FB00DE933A = {
			isa = PBXGroup;
			children = (
				993ED7A42940B1FB00DE933A /* BitriseTutorials */,
				99E311CE29474E7A00CB4394 /* BitriseTutorialsTests */,
				993ED7A32940B1FB00DE933A /* Products */,
			);
			sourceTree = "<group>";
		};
		993ED7A32940B1FB00DE933A /* Products */ = {
			isa = PBXGroup;
			children = (
				993ED7A22940B1FB00DE933A /* BitriseTutorials.app */,
				99E311CD29474E7A00CB4394 /* BitriseTutorialsTests.xctest */,
			);
			name = Products;
			sourceTree = "<group>";
		};
		993ED7A42940B1FB00DE933A /* BitriseTutorials */ = {
			isa = PBXGroup;
			children = (
				993ED7A52940B1FB00DE933A /* BitriseTutorialsApp.swift */,
				993ED7A72940B1FB00DE933A /* ContentView.swift */,
				993ED7A92940B1FD00DE933A /* Assets.xcassets */,
				993ED7AB2940B1FD00DE933A /* BitriseTutorials.entitlements */,
				993ED7AC2940B1FD00DE933A /* Preview Content */,
			);
			path = BitriseTutorials;
			sourceTree = "<group>";
		};
		993ED7AC2940B1FD00DE933A /* Preview Content */ = {
			isa = PBXGroup;
			children = (
				993ED7AD2940B1FD00DE933A /* Preview Assets.xcassets */,
			);
			path = "Preview Content";
			sourceTree = "<group>";
		};
		99E311CE29474E7A00CB4394 /* BitriseTutorialsTests */ = {
			isa = PBXGroup;
			children = (
				99E311CF29474E7A00CB4394 /* BitriseTutorialsTests.swift */,
			);
			path = BitriseTutorialsTests;
			sourceTree = "<group>";
		};
/* End PBXGroup section */

/* Begin PBXNativeTarget section */
		993ED7A12940B1FB00DE933A /* BitriseTutorials */ = {
			isa = PBXNativeTarget;
			buildConfigurationList = 993ED7B12940B1FD00DE933A /* Build configuration list for PBXNativeTarget "BitriseTutorials" */;
			buildPhases = (
				993ED79E2940B1FB00DE933A /* Sources */,
				993ED79F2940B1FB00DE933A /* Frameworks */,
				993ED7A02940B1FB00DE933A /* Resources */,
			);
			buildRules = (
			);
			dependencies = (
			);
			name = BitriseTutorials;
			productName = BitriseTutorials;
			productReference = 993ED7A22940B1FB00DE933A /* BitriseTutorials.app */;
			productType = "com.apple.product-type.application";
		};
		99E311CC29474E7A00CB4394 /* BitriseTutorialsTests */ = {
			isa = PBXNativeTarget;
			buildConfigurationList = 99E311D529474E7A00CB4394 /* Build configuration list for PBXNativeTarget "BitriseTutorialsTests" */;
			buildPhases = (
				99E311C929474E7A00CB4394 /* Sources */,
				99E311CA29474E7A00CB4394 /* Frameworks */,
				99E311CB29474E7A00CB4394 /* Resources */,
			);
			buildRules = (
			);
			dependencies = (
				99E311D229474E7A00CB4394 /* PBXTargetDependency */,
			);
			name = BitriseTutorialsTests;
			productName = BitriseTutorialsTests;
			productReference = 99E311CD29474E7A00CB4394 /* BitriseTutorialsTests.xctest */;
			productType = "com.apple.product-type.bundle.unit-test";
		};
/* End PBXNativeTarget section */

/* Begin PBXProject section */
		993ED79A2940B1FB00DE933A /* Project object */ = {
			isa = PBXProject;
			attributes = {
				BuildIndependentTargetsInParallel = 1;
				LastSwiftUpdateCheck = 1420;
				LastUpgradeCheck = 1410;
				TargetAttributes = {
					993ED7A12940B1FB00DE933A = {
						CreatedOnToolsVersion = 14.1;
					};
					99E311CC29474E7A00CB4394 = {
						CreatedOnToolsVersion = 14.2;
						TestTargetID = 993ED7A12940B1FB00DE933A;
					};
				};
			};
			buildConfigurationList = 993ED79D2940B1FB00DE933A /* Build configuration list for PBXProject "BitriseTutorials" */;
			compatibilityVersion = "Xcode 14.0";
			developmentRegion = en;
			hasScannedForEncodings = 0;
			knownRegions = (
				en,
				Base,
			);
			mainGroup = 993ED7992940B1FB00DE933A;
			productRefGroup = 993ED7A32940B1FB00DE933A /* Products */;
			projectDirPath = "";
			projectRoot = "";
			targets = (
				993ED7A12940B1FB00DE933A /* BitriseTutorials */,
				99E311CC29474E7A00CB4394 /* BitriseTutorialsTests */,
			);
		};
/* End PBXProject section */

/* Begin PBXResourcesBuildPhase section */
		993ED7A02940B1FB00DE933A /* Resources */ = {
			isa = PBXResourcesBuildPhase;
			buildActionMask = 2147483647;
			files = (
				993ED7AE2940B1FD00DE933A /* Preview Assets.xcassets in Resources */,
				993ED7AA2940B1FD00DE933A /* Assets.xcassets in Resources */,
			);
			runOnlyForDeploymentPostprocessing = 0;
		};
		99E311CB29474E7A00CB4394 /* Resources */ = {
			isa = PBXResourcesBuildPhase;
			buildActionMask = 2147483647;
			files = (
			);
			runOnlyForDeploymentPostprocessing = 0;
		};
/* End PBXResourcesBuildPhase section */

/* Begin PBXSourcesBuildPhase section */
		993ED79E2940B1FB00DE933A /* Sources */ = {
			isa = PBXSourcesBuildPhase;
			buildActionMask = 2147483647;
			files = (
				993ED7A82940B1FB00DE933A /* ContentView.swift in Sources */,
				993ED7A62940B1FB00DE933A /* BitriseTutorialsApp.swift in Sources */,
			);
			runOnlyForDeploymentPostprocessing = 0;
		};
		99E311C929474E7A00CB4394 /* Sources */ = {
			isa = PBXSourcesBuildPhase;
			buildActionMask = 2147483647;
			files = (
				99E311D029474E7A00CB4394 /* BitriseTutorialsTests.swift in Sources */,
			);
			runOnlyForDeploymentPostprocessing = 0;
		};
/* End PBXSourcesBuildPhase section */

/* Begin PBXTargetDependency section */
		99E311D229474E7A00CB4394 /* PBXTargetDependency */ = {
			isa = PBXTargetDependency;
			target = 993ED7A12940B1FB00DE933A /* BitriseTutorials */;
			targetProxy = 99E311D129474E7A00CB4394 /* PBXContainerItemProxy */;
		};
/* End PBXTargetDependency section */

/* Begin XCBuildConfiguration section */
		993ED7AF2940B1FD00DE933A /* Debug */ = {
			isa = XCBuildConfiguration;
			buildSettings = {
				ALWAYS_SEARCH_USER_PATHS = NO;
				CLANG_ANALYZER_NONNULL = YES;
				CLANG_ANALYZER_NUMBER_OBJECT_CONVERSION = YES_AGGRESSIVE;
				CLANG_CXX_LANGUAGE_STANDARD = "gnu++20";
				CLANG_ENABLE_MODULES = YES;
				CLANG_ENABLE_OBJC_ARC = YES;
				CLANG_ENABLE_OBJC_WEAK = YES;
				CLANG_WARN_BLOCK_CAPTURE_AUTORELEASING = YES;
				CLANG_WARN_BOOL_CONVERSION = YES;
				CLANG_WARN_COMMA = YES;
				CLANG_WARN_CONSTANT_CONVERSION = YES;
				CLANG_WARN_DEPRECATED_OBJC_IMPLEMENTATIONS = YES;
				CLANG_WARN_DIRECT_OBJC_ISA_USAGE = YES_ERROR;
				CLANG_WARN_DOCUMENTATION_COMMENTS = YES;
				CLANG_WARN_EMPTY_BODY = YES;
				CLANG_WARN_ENUM_CONVERSION = YES;
				CLANG_WARN_INFINITE_RECURSION = YES;
				CLANG_WARN_INT_CONVERSION = YES;
				CLANG_WARN_NON_LITERAL_NULL_CONVERSION = YES;
				CLANG_WARN_OBJC_IMPLICIT_RETAIN_SELF = YES;
				CLANG_WARN_OBJC_LITERAL_CONVERSION = YES;
				CLANG_WARN_OBJC_ROOT_CLASS = YES_ERROR;
				CLANG_WARN_QUOTED_INCLUDE_IN_FRAMEWORK_HEADER = YES;
				CLANG_WARN_RANGE_LOOP_ANALYSIS = YES;
				CLANG_WARN_STRICT_PROTOTYPES = YES;
				CLANG_WARN_SUSPICIOUS_MOVE = YES;
				CLANG_WARN_UNGUARDED_AVAILABILITY = YES_AGGRESSIVE;
				CLANG_WARN_UNREACHABLE_CODE = YES;
				CLANG_WARN__DUPLICATE_METHOD_MATCH = YES;
				COPY_PHASE_STRIP = NO;
				DEBUG_INFORMATION_FORMAT = dwarf;
				ENABLE_STRICT_OBJC_MSGSEND = YES;
				ENABLE_TESTABILITY = YES;
				GCC_C_LANGUAGE_STANDARD = gnu11;
				GCC_DYNAMIC_NO_PIC = NO;
				GCC_NO_COMMON_BLOCKS = YES;
				GCC_OPTIMIZATION_LEVEL = 0;
				GCC_PREPROCESSOR_DEFINITIONS = (
					"DEBUG=1",
					"$(inherited)",
				);
				GCC_WARN_64_TO_32_BIT_CONVERSION = YES;
				GCC_WARN_ABOUT_RETURN_TYPE = YES_ERROR;
				GCC_WARN_UNDECLARED_SELECTOR = YES;
				GCC_WARN_UNINITIALIZED_AUTOS = YES_AGGRESSIVE;
				GCC_WARN_UNUSED_FUNCTION = YES;
				GCC_WARN_UNUSED_VARIABLE = YES;
				MTL_ENABLE_DEBUG_INFO = INCLUDE_SOURCE;
				MTL_FAST_MATH = YES;
				ONLY_ACTIVE_ARCH = YES;
				SWIFT_ACTIVE_COMPILATION_CONDITIONS = DEBUG;
				SWIFT_OPTIMIZATION_LEVEL = "-Onone";
			};
			name = Debug;
		};
		993ED7B02940B1FD00DE933A /* Release */ = {
			isa = XCBuildConfiguration;
			buildSettings = {
				ALWAYS_SEARCH_USER_PATHS = NO;
				CLANG_ANALYZER_NONNULL = YES;
				CLANG_ANALYZER_NUMBER_OBJECT_CONVERSION = YES_AGGRESSIVE;
				CLANG_CXX_LANGUAGE_STANDARD = "gnu++20";
				CLANG_ENABLE_MODULES = YES;
				CLANG_ENABLE_OBJC_ARC = YES;
				CLANG_ENABLE_OBJC_WEAK = YES;
				CLANG_WARN_BLOCK_CAPTURE_AUTORELEASING = YES;
				CLANG_WARN_BOOL_CONVERSION = YES;
				CLANG_WARN_COMMA = YES;
				CLANG_WARN_CONSTANT_CONVERSION = YES;
				CLANG_WARN_DEPRECATED_OBJC_IMPLEMENTATIONS = YES;
				CLANG_WARN_DIRECT_OBJC_ISA_USAGE = YES_ERROR;
				CLANG_WARN_DOCUMENTATION_COMMENTS = YES;
				CLANG_WARN_EMPTY_BODY = YES;
				CLANG_WARN_ENUM_CONVERSION = YES;
				CLANG_WARN_INFINITE_RECURSION = YES;
				CLANG_WARN_INT_CONVERSION = YES;
				CLANG_WARN_NON_LITERAL_NULL_CONVERSION = YES;
				CLANG_WARN_OBJC_IMPLICIT_RETAIN_SELF = YES;
				CLANG_WARN_OBJC_LITERAL_CONVERSION = YES;
				CLANG_WARN_OBJC_ROOT_CLASS = YES_ERROR;
				CLANG_WARN_QUOTED_INCLUDE_IN_FRAMEWORK_HEADER = YES;
				CLANG_WARN_RANGE_LOOP_ANALYSIS = YES;
				CLANG_WARN_STRICT_PROTOTYPES = YES;
				CLANG_WARN_SUSPICIOUS_MOVE = YES;
				CLANG_WARN_UNGUARDED_AVAILABILITY = YES_AGGRESSIVE;
				CLANG_WARN_UNREACHABLE_CODE = YES;
				CLANG_WARN__DUPLICATE_METHOD_MATCH = YES;
				COPY_PHASE_STRIP = NO;
				DEBUG_INFORMATION_FORMAT = "dwarf-with-dsym";
				ENABLE_NS_ASSERTIONS = NO;
				ENABLE_STRICT_OBJC_MSGSEND = YES;
				GCC_C_LANGUAGE_STANDARD = gnu11;
				GCC_NO_COMMON_BLOCKS = YES;
				GCC_WARN_64_TO_32_BIT_CONVERSION = YES;
				GCC_WARN_ABOUT_RETURN_TYPE = YES_ERROR;
				GCC_WARN_UNDECLARED_SELECTOR = YES;
				GCC_WARN_UNINITIALIZED_AUTOS = YES_AGGRESSIVE;
				GCC_WARN_UNUSED_FUNCTION = YES;
				GCC_WARN_UNUSED_VARIABLE = YES;
				MTL_ENABLE_DEBUG_INFO = NO;
				MTL_FAST_MATH = YES;
				SWIFT_COMPILATION_MODE = wholemodule;
				SWIFT_OPTIMIZATION_LEVEL = "-O";
			};
			name = Release;
		};
		993ED7B22940B1FD00DE933A /* Debug */ = {
			isa = XCBuildConfiguration;
			buildSettings = {
				ASSETCATALOG_COMPILER_APPICON_NAME = AppIcon;
				ASSETCATALOG_COMPILER_GLOBAL_ACCENT_COLOR_NAME = AccentColor;
				CODE_SIGN_ENTITLEMENTS = BitriseTutorials/BitriseTutorials.entitlements;
				CODE_SIGN_STYLE = Automatic;
				CURRENT_PROJECT_VERSION = 1;
				DEVELOPMENT_ASSET_PATHS = "\"BitriseTutorials/Preview Content\"";
				DEVELOPMENT_TEAM = 2Q7H62SFG3;
				ENABLE_HARDENED_RUNTIME = YES;
				ENABLE_PREVIEWS = YES;
				GENERATE_INFOPLIST_FILE = YES;
				"INFOPLIST_KEY_UIApplicationSceneManifest_Generation[sdk=iphoneos*]" = YES;
				"INFOPLIST_KEY_UIApplicationSceneManifest_Generation[sdk=iphonesimulator*]" = YES;
				"INFOPLIST_KEY_UIApplicationSupportsIndirectInputEvents[sdk=iphoneos*]" = YES;
				"INFOPLIST_KEY_UIApplicationSupportsIndirectInputEvents[sdk=iphonesimulator*]" = YES;
				"INFOPLIST_KEY_UILaunchScreen_Generation[sdk=iphoneos*]" = YES;
				"INFOPLIST_KEY_UILaunchScreen_Generation[sdk=iphonesimulator*]" = YES;
				"INFOPLIST_KEY_UIStatusBarStyle[sdk=iphoneos*]" = UIStatusBarStyleDefault;
				"INFOPLIST_KEY_UIStatusBarStyle[sdk=iphonesimulator*]" = UIStatusBarStyleDefault;
				INFOPLIST_KEY_UISupportedInterfaceOrientations_iPad = "UIInterfaceOrientationPortrait UIInterfaceOrientationPortraitUpsideDown UIInterfaceOrientationLandscapeLeft UIInterfaceOrientationLandscapeRight";
				INFOPLIST_KEY_UISupportedInterfaceOrientations_iPhone = "UIInterfaceOrientationPortrait UIInterfaceOrientationLandscapeLeft UIInterfaceOrientationLandscapeRight";
				IPHONEOS_DEPLOYMENT_TARGET = 16.1;
				LD_RUNPATH_SEARCH_PATHS = "@executable_path/Frameworks";
				"LD_RUNPATH_SEARCH_PATHS[sdk=macosx*]" = "@executable_path/../Frameworks";
				MACOSX_DEPLOYMENT_TARGET = 12.6;
				MARKETING_VERSION = 1.0;
				PRODUCT_BUNDLE_IDENTIFIER = tokyo.ainame.BitriseTutorials;
				PRODUCT_NAME = "$(TARGET_NAME)";
				SDKROOT = auto;
				SUPPORTED_PLATFORMS = "iphoneos iphonesimulator macosx";
				SWIFT_EMIT_LOC_STRINGS = YES;
				SWIFT_VERSION = 5.0;
				TARGETED_DEVICE_FAMILY = "1,2";
			};
			name = Debug;
		};
		993ED7B32940B1FD00DE933A /* Release */ = {
			isa = XCBuildConfiguration;
			buildSettings = {
				ASSETCATALOG_COMPILER_APPICON_NAME = AppIcon;
				ASSETCATALOG_COMPILER_GLOBAL_ACCENT_COLOR_NAME = AccentColor;
				CODE_SIGN_ENTITLEMENTS = BitriseTutorials/BitriseTutorials.entitlements;
				CODE_SIGN_STYLE = Automatic;
				CURRENT_PROJECT_VERSION = 1;
				DEVELOPMENT_ASSET_PATHS = "\"BitriseTutorials/Preview Content\"";
				DEVELOPMENT_TEAM = 2Q7H62SFG3;
				ENABLE_HARDENED_RUNTIME = YES;
				ENABLE_PREVIEWS = YES;
				GENERATE_INFOPLIST_FILE = YES;
				"INFOPLIST_KEY_UIApplicationSceneManifest_Generation[sdk=iphoneos*]" = YES;
				"INFOPLIST_KEY_UIApplicationSceneManifest_Generation[sdk=iphonesimulator*]" = YES;
				"INFOPLIST_KEY_UIApplicationSupportsIndirectInputEvents[sdk=iphoneos*]" = YES;
				"INFOPLIST_KEY_UIApplicationSupportsIndirectInputEvents[sdk=iphonesimulator*]" = YES;
				"INFOPLIST_KEY_UILaunchScreen_Generation[sdk=iphoneos*]" = YES;
				"INFOPLIST_KEY_UILaunchScreen_Generation[sdk=iphonesimulator*]" = YES;
				"INFOPLIST_KEY_UIStatusBarStyle[sdk=iphoneos*]" = UIStatusBarStyleDefault;
				"INFOPLIST_KEY_UIStatusBarStyle[sdk=iphonesimulator*]" = UIStatusBarStyleDefault;
				INFOPLIST_KEY_UISupportedInterfaceOrientations_iPad = "UIInterfaceOrientationPortrait UIInterfaceOrientationPortraitUpsideDown UIInterfaceOrientationLandscapeLeft UIInterfaceOrientationLandscapeRight";
				INFOPLIST_KEY_UISupportedInterfaceOrientations_iPhone = "UIInterfaceOrientationPortrait UIInterfaceOrientationLandscapeLeft UIInterfaceOrientationLandscapeRight";
				IPHONEOS_DEPLOYMENT_TARGET = 16.1;
				LD_RUNPATH_SEARCH_PATHS = "@executable_path/Frameworks";
				"LD_RUNPATH_SEARCH_PATHS[sdk=macosx*]" = "@executable_path/../Frameworks";
				MACOSX_DEPLOYMENT_TARGET = 12.6;
				MARKETING_VERSION = 1.0;
				PRODUCT_BUNDLE_IDENTIFIER = tokyo.ainame.BitriseTutorials;
				PRODUCT_NAME = "$(TARGET_NAME)";
				SDKROOT = auto;
				SUPPORTED_PLATFORMS = "iphoneos iphonesimulator macosx";
				SWIFT_EMIT_LOC_STRINGS = YES;
				SWIFT_VERSION = 5.0;
				TARGETED_DEVICE_FAMILY = "1,2";
			};
			name = Release;
		};
		99E311D329474E7A00CB4394 /* Debug */ = {
			isa = XCBuildConfiguration;
			buildSettings = {
				BUNDLE_LOADER = "$(TEST_HOST)";
				CODE_SIGN_STYLE = Automatic;
				CURRENT_PROJECT_VERSION = 1;
				DEVELOPMENT_TEAM = 2Q7H62SFG3;
				GENERATE_INFOPLIST_FILE = YES;
				IPHONEOS_DEPLOYMENT_TARGET = 16.2;
				MACOSX_DEPLOYMENT_TARGET = 12.6;
				MARKETING_VERSION = 1.0;
				PRODUCT_BUNDLE_IDENTIFIER = tokyo.ainame.BitriseTutorialsTests;
				PRODUCT_NAME = "$(TARGET_NAME)";
				SDKROOT = auto;
				SUPPORTED_PLATFORMS = "iphoneos iphonesimulator macosx";
				SWIFT_EMIT_LOC_STRINGS = NO;
				SWIFT_VERSION = 5.0;
				TARGETED_DEVICE_FAMILY = "1,2";
				TEST_HOST = "$(BUILT_PRODUCTS_DIR)/BitriseTutorials.app/$(BUNDLE_EXECUTABLE_FOLDER_PATH)/BitriseTutorials";
			};
			name = Debug;
		};
		99E311D429474E7A00CB4394 /* Release */ = {
			isa = XCBuildConfiguration;
			buildSettings = {
				BUNDLE_LOADER = "$(TEST_HOST)";
				CODE_SIGN_STYLE = Automatic;
				CURRENT_PROJECT_VERSION = 1;
				DEVELOPMENT_TEAM = 2Q7H62SFG3;
				GENERATE_INFOPLIST_FILE = YES;
				IPHONEOS_DEPLOYMENT_TARGET = 16.2;
				MACOSX_DEPLOYMENT_TARGET = 12.6;
				MARKETING_VERSION = 1.0;
				PRODUCT_BUNDLE_IDENTIFIER = tokyo.ainame.BitriseTutorialsTests;
				PRODUCT_NAME = "$(TARGET_NAME)";
				SDKROOT = auto;
				SUPPORTED_PLATFORMS = "iphoneos iphonesimulator macosx";
				SWIFT_EMIT_LOC_STRINGS = NO;
				SWIFT_VERSION = 5.0;
				TARGETED_DEVICE_FAMILY = "1,2";
				TEST_HOST = "$(BUILT_PRODUCTS_DIR)/BitriseTutorials.app/$(BUNDLE_EXECUTABLE_FOLDER_PATH)/BitriseTutorials";
			};
			name = Release;
		};
/* End XCBuildConfiguration section */

/* Begin XCConfigurationList section */
		993ED79D2940B1FB00DE933A /* Build configuration list for PBXProject "BitriseTutorials" */ = {
			isa = XCConfigurationList;
			buildConfigurations = (
				993ED7AF2940B1FD00DE933A /* Debug */,
				993ED7B02940B1FD00DE933A /* Release */,
			);
			defaultConfigurationIsVisible = 0;
			defaultConfigurationName = Release;
		};
		993ED7B12940B1FD00DE933A /* Build configuration list for PBXNativeTarget "BitriseTutorials" */ = {
			isa = XCConfigurationList;
			buildConfigurations = (
				993ED7B22940B1FD00DE933A /* Debug */,
				993ED7B32940B1FD00DE933A /* Release */,
			);
			defaultConfigurationIsVisible = 0;
			defaultConfigurationName = Release;
		};
		99E311D529474E7A00CB4394 /* Build configuration list for PBXNativeTarget "BitriseTutorialsTests" */ = {
			isa = XCConfigurationList;
			buildConfigurations = (
				99E311D329474E7A00CB4394 /* Debug */,
				99E311D429474E7A00CB4394 /* Release */,
			);
			defaultConfigurationIsVisible = 0;
			defaultConfigurationName = Release;
		};
/* End XCConfigurationList section */
	};
	rootObject = 993ED79A2940B1FB00DE933A /* Project object */;
}
